
Microsoft Visual Studio Solution File, Format Version 12.00
# Visual Studio Version 17
VisualStudioVersion = 17.11.35327.3
MinimumVisualStudioVersion = 10.0.40219.1
Project("{2150E333-8FDC-42A3-9474-1A3956D46DE8}") = "1 - Docker", "1 - Docker", "{8B96FBCB-5247-482B-B8F0-7A7C3DB71A4A}"
	ProjectSection(SolutionItems) = preProject
		docker-compose.override.yml = docker-compose.override.yml
		docker-compose.yml = docker-compose.yml
	EndProjectSection
EndProject
Project("{2150E333-8FDC-42A3-9474-1A3956D46DE8}") = "2 - Documentos", "2 - Documentos", "{8253CDE8-CC2D-41DE-B6EF-43824F75E427}"
	ProjectSection(SolutionItems) = preProject
		documentos\Leiame.txt = documentos\Leiame.txt
	EndProjectSection
EndProject
Project("{2150E333-8FDC-42A3-9474-1A3956D46DE8}") = "3 - Frontend", "3 - Frontend", "{79ACA117-FA91-4210-A316-88971FC1CDE9}"
EndProject
Project("{2150E333-8FDC-42A3-9474-1A3956D46DE8}") = "4 - Backend", "4 - Backend", "{47E59281-ECA9-4F38-B76A-F821D12AF639}"
EndProject
Project("{2150E333-8FDC-42A3-9474-1A3956D46DE8}") = "5 - Samples", "5 - Samples", "{3E581FDB-8E84-4B5E-810F-228113C68145}"
EndProject
Project("{2150E333-8FDC-42A3-9474-1A3956D46DE8}") = "6 - Tests", "6 - Tests", "{0773370E-263D-4B40-AAD8-5A891ADB5F5F}"
EndProject
Project("{2150E333-8FDC-42A3-9474-1A3956D46DE8}") = "1 - Microservices", "1 - Microservices", "{E0D8B0DF-D18A-483A-B195-D93F79BA23B6}"
EndProject
Project("{2150E333-8FDC-42A3-9474-1A3956D46DE8}") = "2 - Common", "2 - Common", "{1B2E8309-22B8-422F-82D6-EC81D9A71D54}"
EndProject
Project("{2150E333-8FDC-42A3-9474-1A3956D46DE8}") = "3 - Infra", "3 - Infra", "{798094A1-510C-4782-8CFE-1784B395DFCF}"
EndProject
Project("{2150E333-8FDC-42A3-9474-1A3956D46DE8}") = "4 - Services", "4 - Services", "{EBF4A740-A803-4280-B63E-AB03599E5BC6}"
EndProject
Project("{2150E333-8FDC-42A3-9474-1A3956D46DE8}") = "1 - Database", "1 - Database", "{63ACD729-8E2C-4D23-B093-10C716C348F1}"
EndProject
Project("{9A19103F-16F7-4668-BE54-9A1E7A4F7556}") = "Northwind", "src\Backend\Infra\Northwind\Northwind.csproj", "{1B398EBB-1932-496E-945E-91AC1DB49061}"
EndProject
Project("{2150E333-8FDC-42A3-9474-1A3956D46DE8}") = "Forward", "Forward", "{590D0FC4-E9DF-41CB-B30B-93BA21A6F5F4}"
EndProject
Project("{2150E333-8FDC-42A3-9474-1A3956D46DE8}") = "Kong", "Kong", "{11AA9202-28C6-46E4-9EB7-8149E9A75397}"
EndProject
Project("{2150E333-8FDC-42A3-9474-1A3956D46DE8}") = "k0001", "k0001", "{B22AAAA0-C0B0-4FD8-B901-F3CC26B78488}"
EndProject
Project("{2150E333-8FDC-42A3-9474-1A3956D46DE8}") = "k0002", "k0002", "{694E1090-5E03-4F51-B963-8414C577E63F}"
EndProject
Project("{9A19103F-16F7-4668-BE54-9A1E7A4F7556}") = "API.Northwind", "src\Backend\Microservices\Forward\API.Northwind\API.Northwind.csproj", "{798CEBFB-DB72-4C13-B9D1-366AE0163D12}"
EndProject
Project("{9A19103F-16F7-4668-BE54-9A1E7A4F7556}") = "Common.Logging", "src\Backend\Common\Common.Logging\Common.Logging.csproj", "{8ECFB392-06F1-44E2-A3A7-D227A207F44E}"
EndProject
Project("{9A19103F-16F7-4668-BE54-9A1E7A4F7556}") = "Common.Notification", "src\Backend\Common\Common.Notification\Common.Notification.csproj", "{44FA55CF-5D6C-4A89-89A0-46B69A71162B}"
EndProject
Project("{9A19103F-16F7-4668-BE54-9A1E7A4F7556}") = "Common.UnitOfWork", "src\Backend\Common\Common.UnitOfWork\Common.UnitOfWork.csproj", "{EF47CD3B-3008-4C8B-9CE7-0105A89995C2}"
EndProject
Project("{2150E333-8FDC-42A3-9474-1A3956D46DE8}") = "Northwind", "Northwind", "{333FE505-E9D8-46DB-B7C3-29F83DFC601E}"
EndProject
Project("{9A19103F-16F7-4668-BE54-9A1E7A4F7556}") = "NorthwindService", "src\Backend\Services\Northwind\NorthwindService\NorthwindService.csproj", "{3F9F9CB8-26A0-4644-BF48-B366B304BF90}"
EndProject
Project("{9A19103F-16F7-4668-BE54-9A1E7A4F7556}") = "Common.Extensions", "src\Backend\Common\Common.Extensions\Common.Extensions.csproj", "{49C5D12E-764E-4928-BE52-E4503AEEA09F}"
EndProject
Project("{9A19103F-16F7-4668-BE54-9A1E7A4F7556}") = "Common.Api", "src\Backend\Common\Common.Api\Common.Api.csproj", "{F4C32480-0B4A-43DE-8EF6-03BF020C66A4}"
EndProject
Project("{FAE04EC0-301F-11D3-BF4B-00C04F79EFBC}") = "Common.Domain", "src\Backend\Common\Common.Domain\Common.Domain.csproj", "{AE868120-CE2A-4445-AD2D-AB459DDC485F}"
EndProject
Project("{FAE04EC0-301F-11D3-BF4B-00C04F79EFBC}") = "API.Northwind", "src\Backend\Microservices\Kong\k0002\API.Northwind\API.Northwind.csproj", "{3D803FBE-28E4-43FF-A198-B16722DB0176}"
EndProject
Project("{FAE04EC0-301F-11D3-BF4B-00C04F79EFBC}") = "ConsoleAppUnitOfWork", "src\Samples\ConsoleAppUnitOfWork\ConsoleAppUnitOfWork.csproj", "{3F28C66D-FB8F-4BC7-8C06-E1B3A13F1477}"
EndProject
Project("{FAE04EC0-301F-11D3-BF4B-00C04F79EFBC}") = "ConsoleAppNorthwindService", "src\Samples\ConsoleAppNorthwindService\ConsoleAppNorthwindService.csproj", "{231636E7-F9B8-495E-9A43-630A679B007C}"
EndProject
Project("{FAE04EC0-301F-11D3-BF4B-00C04F79EFBC}") = "ConsoleAppAPINorthwind", "src\Samples\ConsoleAppAPINorthwind\ConsoleAppAPINorthwind.csproj", "{90B9DEF0-AE18-455B-B1BF-7AC4D3574C32}"
EndProject
Global
	GlobalSection(SolutionConfigurationPlatforms) = preSolution
		Debug|Any CPU = Debug|Any CPU
		Release|Any CPU = Release|Any CPU
	EndGlobalSection
	GlobalSection(ProjectConfigurationPlatforms) = postSolution
		{1B398EBB-1932-496E-945E-91AC1DB49061}.Debug|Any CPU.ActiveCfg = Debug|Any CPU
		{1B398EBB-1932-496E-945E-91AC1DB49061}.Debug|Any CPU.Build.0 = Debug|Any CPU
		{1B398EBB-1932-496E-945E-91AC1DB49061}.Release|Any CPU.ActiveCfg = Release|Any CPU
		{1B398EBB-1932-496E-945E-91AC1DB49061}.Release|Any CPU.Build.0 = Release|Any CPU
		{798CEBFB-DB72-4C13-B9D1-366AE0163D12}.Debug|Any CPU.ActiveCfg = Debug|Any CPU
		{798CEBFB-DB72-4C13-B9D1-366AE0163D12}.Debug|Any CPU.Build.0 = Debug|Any CPU
		{798CEBFB-DB72-4C13-B9D1-366AE0163D12}.Release|Any CPU.ActiveCfg = Release|Any CPU
		{798CEBFB-DB72-4C13-B9D1-366AE0163D12}.Release|Any CPU.Build.0 = Release|Any CPU
		{8ECFB392-06F1-44E2-A3A7-D227A207F44E}.Debug|Any CPU.ActiveCfg = Debug|Any CPU
		{8ECFB392-06F1-44E2-A3A7-D227A207F44E}.Debug|Any CPU.Build.0 = Debug|Any CPU
		{8ECFB392-06F1-44E2-A3A7-D227A207F44E}.Release|Any CPU.ActiveCfg = Release|Any CPU
		{8ECFB392-06F1-44E2-A3A7-D227A207F44E}.Release|Any CPU.Build.0 = Release|Any CPU
		{44FA55CF-5D6C-4A89-89A0-46B69A71162B}.Debug|Any CPU.ActiveCfg = Debug|Any CPU
		{44FA55CF-5D6C-4A89-89A0-46B69A71162B}.Debug|Any CPU.Build.0 = Debug|Any CPU
		{44FA55CF-5D6C-4A89-89A0-46B69A71162B}.Release|Any CPU.ActiveCfg = Release|Any CPU
		{44FA55CF-5D6C-4A89-89A0-46B69A71162B}.Release|Any CPU.Build.0 = Release|Any CPU
		{EF47CD3B-3008-4C8B-9CE7-0105A89995C2}.Debug|Any CPU.ActiveCfg = Debug|Any CPU
		{EF47CD3B-3008-4C8B-9CE7-0105A89995C2}.Debug|Any CPU.Build.0 = Debug|Any CPU
		{EF47CD3B-3008-4C8B-9CE7-0105A89995C2}.Release|Any CPU.ActiveCfg = Release|Any CPU
		{EF47CD3B-3008-4C8B-9CE7-0105A89995C2}.Release|Any CPU.Build.0 = Release|Any CPU
		{3F9F9CB8-26A0-4644-BF48-B366B304BF90}.Debug|Any CPU.ActiveCfg = Debug|Any CPU
		{3F9F9CB8-26A0-4644-BF48-B366B304BF90}.Debug|Any CPU.Build.0 = Debug|Any CPU
		{3F9F9CB8-26A0-4644-BF48-B366B304BF90}.Release|Any CPU.ActiveCfg = Release|Any CPU
		{3F9F9CB8-26A0-4644-BF48-B366B304BF90}.Release|Any CPU.Build.0 = Release|Any CPU
		{49C5D12E-764E-4928-BE52-E4503AEEA09F}.Debug|Any CPU.ActiveCfg = Debug|Any CPU
		{49C5D12E-764E-4928-BE52-E4503AEEA09F}.Debug|Any CPU.Build.0 = Debug|Any CPU
		{49C5D12E-764E-4928-BE52-E4503AEEA09F}.Release|Any CPU.ActiveCfg = Release|Any CPU
		{49C5D12E-764E-4928-BE52-E4503AEEA09F}.Release|Any CPU.Build.0 = Release|Any CPU
		{F4C32480-0B4A-43DE-8EF6-03BF020C66A4}.Debug|Any CPU.ActiveCfg = Debug|Any CPU
		{F4C32480-0B4A-43DE-8EF6-03BF020C66A4}.Debug|Any CPU.Build.0 = Debug|Any CPU
		{F4C32480-0B4A-43DE-8EF6-03BF020C66A4}.Release|Any CPU.ActiveCfg = Release|Any CPU
		{F4C32480-0B4A-43DE-8EF6-03BF020C66A4}.Release|Any CPU.Build.0 = Release|Any CPU
		{AE868120-CE2A-4445-AD2D-AB459DDC485F}.Debug|Any CPU.ActiveCfg = Debug|Any CPU
		{AE868120-CE2A-4445-AD2D-AB459DDC485F}.Debug|Any CPU.Build.0 = Debug|Any CPU
		{AE868120-CE2A-4445-AD2D-AB459DDC485F}.Release|Any CPU.ActiveCfg = Release|Any CPU
		{AE868120-CE2A-4445-AD2D-AB459DDC485F}.Release|Any CPU.Build.0 = Release|Any CPU
		{3D803FBE-28E4-43FF-A198-B16722DB0176}.Debug|Any CPU.ActiveCfg = Debug|Any CPU
		{3D803FBE-28E4-43FF-A198-B16722DB0176}.Debug|Any CPU.Build.0 = Debug|Any CPU
		{3D803FBE-28E4-43FF-A198-B16722DB0176}.Release|Any CPU.ActiveCfg = Release|Any CPU
		{3D803FBE-28E4-43FF-A198-B16722DB0176}.Release|Any CPU.Build.0 = Release|Any CPU
		{3F28C66D-FB8F-4BC7-8C06-E1B3A13F1477}.Debug|Any CPU.ActiveCfg = Debug|Any CPU
		{3F28C66D-FB8F-4BC7-8C06-E1B3A13F1477}.Debug|Any CPU.Build.0 = Debug|Any CPU
		{3F28C66D-FB8F-4BC7-8C06-E1B3A13F1477}.Release|Any CPU.ActiveCfg = Release|Any CPU
		{3F28C66D-FB8F-4BC7-8C06-E1B3A13F1477}.Release|Any CPU.Build.0 = Release|Any CPU
		{231636E7-F9B8-495E-9A43-630A679B007C}.Debug|Any CPU.ActiveCfg = Debug|Any CPU
		{231636E7-F9B8-495E-9A43-630A679B007C}.Debug|Any CPU.Build.0 = Debug|Any CPU
		{231636E7-F9B8-495E-9A43-630A679B007C}.Release|Any CPU.ActiveCfg = Release|Any CPU
		{231636E7-F9B8-495E-9A43-630A679B007C}.Release|Any CPU.Build.0 = Release|Any CPU
		{90B9DEF0-AE18-455B-B1BF-7AC4D3574C32}.Debug|Any CPU.ActiveCfg = Debug|Any CPU
		{90B9DEF0-AE18-455B-B1BF-7AC4D3574C32}.Debug|Any CPU.Build.0 = Debug|Any CPU
		{90B9DEF0-AE18-455B-B1BF-7AC4D3574C32}.Release|Any CPU.ActiveCfg = Release|Any CPU
		{90B9DEF0-AE18-455B-B1BF-7AC4D3574C32}.Release|Any CPU.Build.0 = Release|Any CPU
	EndGlobalSection
	GlobalSection(SolutionProperties) = preSolution
		HideSolutionNode = FALSE
	EndGlobalSection
	GlobalSection(NestedProjects) = preSolution
		{E0D8B0DF-D18A-483A-B195-D93F79BA23B6} = {47E59281-ECA9-4F38-B76A-F821D12AF639}
		{1B2E8309-22B8-422F-82D6-EC81D9A71D54} = {47E59281-ECA9-4F38-B76A-F821D12AF639}
		{798094A1-510C-4782-8CFE-1784B395DFCF} = {47E59281-ECA9-4F38-B76A-F821D12AF639}
		{EBF4A740-A803-4280-B63E-AB03599E5BC6} = {47E59281-ECA9-4F38-B76A-F821D12AF639}
		{63ACD729-8E2C-4D23-B093-10C716C348F1} = {798094A1-510C-4782-8CFE-1784B395DFCF}
		{1B398EBB-1932-496E-945E-91AC1DB49061} = {63ACD729-8E2C-4D23-B093-10C716C348F1}
		{590D0FC4-E9DF-41CB-B30B-93BA21A6F5F4} = {E0D8B0DF-D18A-483A-B195-D93F79BA23B6}
		{11AA9202-28C6-46E4-9EB7-8149E9A75397} = {E0D8B0DF-D18A-483A-B195-D93F79BA23B6}
		{B22AAAA0-C0B0-4FD8-B901-F3CC26B78488} = {590D0FC4-E9DF-41CB-B30B-93BA21A6F5F4}
		{694E1090-5E03-4F51-B963-8414C577E63F} = {11AA9202-28C6-46E4-9EB7-8149E9A75397}
		{798CEBFB-DB72-4C13-B9D1-366AE0163D12} = {B22AAAA0-C0B0-4FD8-B901-F3CC26B78488}
		{8ECFB392-06F1-44E2-A3A7-D227A207F44E} = {1B2E8309-22B8-422F-82D6-EC81D9A71D54}
		{44FA55CF-5D6C-4A89-89A0-46B69A71162B} = {1B2E8309-22B8-422F-82D6-EC81D9A71D54}
		{EF47CD3B-3008-4C8B-9CE7-0105A89995C2} = {1B2E8309-22B8-422F-82D6-EC81D9A71D54}
		{333FE505-E9D8-46DB-B7C3-29F83DFC601E} = {EBF4A740-A803-4280-B63E-AB03599E5BC6}
		{3F9F9CB8-26A0-4644-BF48-B366B304BF90} = {333FE505-E9D8-46DB-B7C3-29F83DFC601E}
		{49C5D12E-764E-4928-BE52-E4503AEEA09F} = {1B2E8309-22B8-422F-82D6-EC81D9A71D54}
		{F4C32480-0B4A-43DE-8EF6-03BF020C66A4} = {1B2E8309-22B8-422F-82D6-EC81D9A71D54}
		{AE868120-CE2A-4445-AD2D-AB459DDC485F} = {1B2E8309-22B8-422F-82D6-EC81D9A71D54}
		{3D803FBE-28E4-43FF-A198-B16722DB0176} = {694E1090-5E03-4F51-B963-8414C577E63F}
		{3F28C66D-FB8F-4BC7-8C06-E1B3A13F1477} = {3E581FDB-8E84-4B5E-810F-228113C68145}
		{231636E7-F9B8-495E-9A43-630A679B007C} = {3E581FDB-8E84-4B5E-810F-228113C68145}
		{90B9DEF0-AE18-455B-B1BF-7AC4D3574C32} = {3E581FDB-8E84-4B5E-810F-228113C68145}
	EndGlobalSection
	GlobalSection(ExtensibilityGlobals) = postSolution
		SolutionGuid = {4179FEC6-7E30-40F9-A481-B9059E3E2064}
	EndGlobalSection
EndGlobal
